version = 1
revision = 3
requires-python = ">=3.14"

[[package]]
name = "clang-format"
version = "23.1.0"
source = { registry = "https://pypi.org/simple" }
sdist = { url = "https://files.pythonhosted.org/packages/7c/5d/eef0c105ee0acf44cb28578db43df12e318102d649f677a7d22f0135c9a7/clang_format-23.1.0.tar.gz", hash = "sha256:e751ffb23793d32660fab868bc6bc6f84a2c93bd9c2dc56d87059d091e24c62f", size = 11507, upload-time = "2026-08-26T19:54:10.892Z" }
wheels = [
    { url = "https://files.pythonhosted.org/packages/39/12/19aa8e660d5bb464a624d99f4f580805ed69b0996d955ebab7b64b0290d9/clang_format-23.1.0-py2.py3-none-macosx_10_9_x86_64.whl", hash = "sha256:b2bf38c6de0a0a7a18a92ce9c37b7db83939f631b575f6fb5b62b3aae25d989c", size = 1564684, upload-time = "2026-08-26T19:53:42.835Z" },
    { url = "https://files.pythonhosted.org/packages/6c/ed/2499a06276607649189aea4dcf335c6145ec3e5df0a2653c5b00d27a7ef0/clang_format-23.1.0-py2.py3-none-macosx_11_0_arm64.whl", hash = "sha256:863177cce9b288d9d3d5035c14e914d2f40997acd2c5f601057857200b4f922f", size = 1552083, upload-time = "2026-08-26T19:53:44.523Z" },
    { url = "https://files.pythonhosted.org/packages/56/3c/afcc9c3a9ec5c1e8862ca96ce28e8f8f0155ec0f6f155e1c5ff9eb2eefc1/clang_format-23.1.0-py2.py3-none-manylinux_2_26_aarch64.manylinux_2_28_aarch64.whl", hash = "sha256:8935aae9adf87ccf462de0b2243dce0b1aee9e14ef67846b5389fd54fe44f8df", size = 1820591, upload-time = "2026-08-26T19:53:45.923Z" },
    { url = "https://files.pythonhosted.org/packages/ba/ea/3eed5fd7180a195bc7ef94c3f8c489b51ed383dced619c9a8ddc6ec313d3/clang_format-23.1.0-py2.py3-none-manylinux_2_26_i686.manylinux_2_28_i686.whl", hash = "sha256:c41b7c35323865ea0743ea13473a78ffba0ee8fe01fe78ec3b01808372e418e1", size = 1955020, upload-time = "2026-08-26T19:53:47.547Z" },
    { url = "https://files.pythonhosted.org/packages/e7/2f/d2340cd312504e3add2b46f499618173da45b298b28754a085dec4129873/clang_format-23.1.0-py2.py3-none-manylinux_2_26_ppc64le.manylinux_2_28_ppc64le.whl", hash = "sha256:0e7a424dc53bba459d4fd61ed7e108534127f7c906ea6a12548e8cbf8f07f35d", size = 2191998, upload-time = "2026-08-26T19:53:49.196Z" },
    { url = "https://files.pythonhosted.org/packages/be/e7/944031631cf257c64bf2241dbc786ed071c109cb0f6caa2727bd085a8d81/clang_format-23.1.0-py2.py3-none-manylinux_2_26_s390x.manylinux_2_28_s390x.whl", hash = "sha256:eee435dd5f1f31e750799421525a898b44ea05e7db4e6260ea4d21f51321d359", size = 2160866, upload-time = "2026-08-26T19:53:50.804Z" },
    { url = "https://files.pythonhosted.org/packages/d6/5e/0cec4027161a74c9b04769a9e157463deee9ccbef672a2d13d9ab58bd7c2/clang_format-23.1.0-py2.py3-none-manylinux_2_27_x86_64.manylinux_2_28_x86_64.whl", hash = "sha256:9c8e732d10689d23d59854d47efa048b0f87191113d1bc7df4286a5f960ecd17", size = 1906901, upload-time = "2026-08-26T19:53:52.303Z" },
    { url = "https://files.pythonhosted.org/packages/c3/3b/c2ae0a242d37bc3b318ea7bb6dac146f31023e641266fadd078121219a8a/clang_format-23.1.0-py2.py3-none-manylinux_2_31_armv7l.whl", hash = "sha256:421ad1b40b4d31a3a61b95a5feb0359a2fba7e708d0251f905ffa01c7f2a9c8e", size = 1738282, upload-time = "2026-08-26T19:53:53.912Z" },
    { url = "https://files.pythonhosted.org/packages/df/97/73d91fe11f62525b711e37c96696e0dd6ad2fb40ce24cd36dc16f420e932/clang_format-23.1.0-py2.py3-none-musllinux_1_2_aarch64.whl", hash = "sha256:42739bd675c7299beef49bb7ee6978bd427a4669cfc8c70d197582227ddd6dce", size = 2801945, upload-time = "2026-08-26T19:53:55.993Z" },
    { url = "https://files.pythonhosted.org/packages/72/ee/c6d0b705abce554854be6d232cc4cb003ee0fe1c1daebdd598a1c61ac343/clang_format-23.1.0-py2.py3-none-musllinux_1_2_armv7l.whl", hash = "sha256:7e469dade8f5796bc82eb35a497216d84971c881092e148bba217324bc3fb518", size = 2579905, upload-time = "2026-08-26T19:53:57.913Z" },
    { url = "https://files.pythonhosted.org/packages/87/de/2e17b643e70cff08508abfe97c9c36a9295346870c10880cd2116f90d9f4/clang_format-23.1.0-py2.py3-none-musllinux_1_2_i686.whl", hash = "sha256:1d484e435c9b11db2bb69a6c485eced1667e06f24ef61260511a9abc283e5f76", size = 3057235, upload-time = "2026-08-26T19:53:59.711Z" },
    { url = "https://files.pythonhosted.org/packages/ea/37/92024a11ae51c70bf03a686b90b4ae898e12702749a96e13f0ea65a39d55/clang_format-23.1.0-py2.py3-none-musllinux_1_2_ppc64le.whl", hash = "sha256:b8e46f4ca14991df82a8319ee598656e50228be58595e02a3e1b175dd6928d75", size = 3246990, upload-time = "2026-08-26T19:54:01.437Z" },
    { url = "https://files.pythonhosted.org/packages/9a/b2/411f94da09590226f8719ba82b94af79105011cbaae73522f55bd65d6f7e/clang_format-23.1.0-py2.py3-none-musllinux_1_2_s390x.whl", hash = "sha256:ef808d62b4af3de09710df602fea7b5c3e8e8eb0f515762eeafee35b2cba8384", size = 3285742, upload-time = "2026-08-26T19:54:03.094Z" },
    { url = "https://files.pythonhosted.org/packages/4d/5a/9d0304b2d454e255b75bc09ee83110864436dbf8014f42eb6ff5100952a2/clang_format-23.1.0-py2.py3-none-musllinux_1_2_x86_64.whl", hash = "sha256:152d66ebaf333b920cd5a13b678976885d673cccfc647ee4e144dce97ad4b452", size = 2919513, upload-time = "2026-08-26T19:54:05.145Z" },
    { url = "https://files.pythonhosted.org/packages/53/9b/51c725a240285d684936d25cd316775186dbc44bdb6e3bc43b2ccb438b5f/clang_format-23.1.0-py2.py3-none-win32.whl", hash = "sha256:8fa176b2a4d994fdd1b26a7b016ceb09555a12ada5d4eefe75af7f550aef11e9", size = 1363436, upload-time = "2026-08-26T19:54:06.746Z" },
    { url = "https://files.pythonhosted.org/packages/95/19/501001c2aa10dff69eb3ec3802851abafbdd3adeb06db152fef553b5ef00/clang_format-23.1.0-py2.py3-none-win_amd64.whl", hash = "sha256:c10a99dc55a5630bbf6135f004e057d1a3153e4f54cda3f67e0c0b5a150d1cdd", size = 1537314, upload-time = "2026-08-26T19:54:08.184Z" },
    { url = "https://files.pythonhosted.org/packages/8b/e0/d44445801720bb21d9d8fb6a2c16f78065dc1f0d7c9379c5214dd07a2db8/clang_format-23.1.0-py2.py3-none-win_arm64.whl", hash = "sha256:6b565baa8d478eaac44a8a68802cce1e6e998e9c80680d222862761d1afe62e1", size = 1410985, upload-time = "2026-08-26T19:54:09.659Z" },
]

[[package]]
name = "gersemi"
version = "0.29.1"
source = { registry = "https://pypi.org/simple" }
dependencies = [
    { name = "pyyaml" },
]
sdist = { url = "https://files.pythonhosted.org/packages/30/dd/406b5940cc7d7ab791385fb9cac1d101f41dbdc45989d3dcb4a6972f28fb/gersemi-0.29.1.tar.gz", hash = "sha256:f40131536a42debab879448aa24c0bcac09ba792919bcaa605b11544b3b7f992", size = 125261, upload-time = "2026-09-14T17:08:39.923Z" }
wheels = [
    { url = "https://files.pythonhosted.org/packages/3d/d1/2b322af6bd436c6ba41b555461211d3fa5554fa1328053512a3fcd10a0a6/gersemi-0.29.1-cp314-cp314-macosx_10_15_x86_64.whl", hash = "sha256:9b119e2b54507ef304a0073d9fb42a4d020cf85921e987fec99709d19ad3ee35", size = 2691590, upload-time = "2026-09-14T17:08:04.186Z" },
    { url = "https://files.pythonhosted.org/packages/f6/0b/80b0430ccfeadd20764af874519cf43b40d08274e1428968b27dbcbad522/gersemi-0.29.1-cp314-cp314-macosx_11_0_arm64.whl", hash = "sha256:0fed90bfc24adc58ab4ba1bada52a3f4b9f8b9957c726759c89189ed641017e9", size = 2494313, upload-time = "2026-09-14T17:08:05.715Z" },
    { url = "https://files.pythonhosted.org/packages/a0/ac/66c70df23cbcbe8a44b2b1fd62e58d25a1811b7a13e1e6cf050bd3473ef8/gersemi-0.29.1-cp314-cp314-manylinux_2_28_aarch64.whl", hash = "sha256:6cc6cb78a15cac0e0677f197aa8a635dc679491af4229f9e69fa5254294505f1", size = 2781886, upload-time = "2026-09-14T17:08:07.216Z" },
    { url = "https://files.pythonhosted.org/packages/87/ef/dcfaf0d78cf3684575fcdacd9213ce1d9d1bf98b9c194f891d0fe94dcda6/gersemi-0.29.1-cp314-cp314-manylinux_2_28_x86_64.whl", hash = "sha256:014edec25c5162ca3ef0d2cc5699b37de27cfa7455e74accd85dae94dd9e3b3d", size = 2854783, upload-time = "2026-09-14T17:08:08.714Z" },
    { url = "https://files.pythonhosted.org/packages/0b/8d/1a78fa9bb4784f889212e6f7cd5d0b951ec59a73f545082513b57448fd69/gersemi-0.29.1-cp314-cp314-win_amd64.whl", hash = "sha256:dff5c7bd49d9c71e4052047653a114014922019fc33c8ad01fe969c86a6ffbfe", size = 2445495, upload-time = "2026-09-14T17:08:10.327Z" },
    { url = "https://files.pythonhosted.org/packages/d2/b5/8536e8977f0c31453b6beef0a98fc924053869da4deac0952a1ef2ccbb67/gersemi-0.29.1-cp314-cp314-win_arm64.whl", hash = "sha256:ddbb678a33417ff255c7dbe8f546513d3745661e3743e12c3309d28c5df04dbc", size = 2214322, upload-time = "2026-09-14T17:08:11.798Z" },
    { url = "https://files.pythonhosted.org/packages/ef/09/f724a922ac7bf7af7c48fa93d4886fae81186726719ea9ebec48a7b1158c/gersemi-0.29.1-cp314-cp314t-macosx_10_15_x86_64.whl", hash = "sha256:3458c5721084dd649c52aba245e04cfe249a0ce059b085738b74c3dcb41da2d5", size = 2628203, upload-time = "2026-09-14T17:08:13.189Z" },
    { url = "https://files.pythonhosted.org/packages/2a/9b/37a6cbaca64f3efa498414648d86c9a1c649ec752ce7de41c9bed16b8ad3/gersemi-0.29.1-cp314-cp314t-macosx_11_0_arm64.whl", hash = "sha256:66edce68b70af3a6879e710620d36000fa9d710940fe301e54a06228263dab2f", size = 2491942, upload-time = "2026-09-14T17:08:14.582Z" },
    { url = "https://files.pythonhosted.org/packages/e8/d4/f2ecaf445f461537464579b652c126df7bc9c8db8c1d3c4a27bc5858665b/gersemi-0.29.1-cp314-cp314t-manylinux_2_28_aarch64.whl", hash = "sha256:96d1f9c5e359249c9592969273ea5ddf3c789c18e83ba1ecad8a43515eed453e", size = 2780641, upload-time = "2026-09-14T17:08:16.228Z" },
    { url = "https://files.pythonhosted.org/packages/92/a9/d013d3fc64225c646798749c675ad1f7d01e0f1315c0641198abf974d451/gersemi-0.29.1-cp314-cp314t-manylinux_2_28_x86_64.whl", hash = "sha256:8c8ebaad4f03fd326865709b14c2e2cd8b6329c03ab47b8a57bb7c28eb1733db", size = 2854353, upload-time = "2026-09-14T17:08:17.762Z" },
    { url = "https://files.pythonhosted.org/packages/6e/7a/49c583437ddc1f07ad0fe6356bd9e4e782a418fc05a13191026f679d173d/gersemi-0.29.1-cp314-cp314t-win_amd64.whl", hash = "sha256:afc8026202870bac56c3889cdbf6a204dbd5823d7d0ee810c5985c32145ef72a", size = 2443431, upload-time = "2026-09-14T17:08:19.416Z" },
    { url = "https://files.pythonhosted.org/packages/0d/39/1ffb04ee007cd0872a13ea7307b287baa1e0e24f2e1824e8703ca5742c22/gersemi-0.29.1-cp314-cp314t-win_arm64.whl", hash = "sha256:4e2937aff9a0cad6ecf5737ff3e78e911ae06512f444a1c8262b5ea324e36f4e", size = 2212003, upload-time = "2026-09-14T17:08:20.85Z" },
]

[[package]]
name = "ntfs-browser-linters"
version = "0.1.0"
source = { virtual = "." }
dependencies = [
    { name = "clang-format" },
    { name = "gersemi" },
]

[package.metadata]
requires-dist = [
    { name = "clang-format", specifier = "==23.1.0" },
    { name = "gersemi" },
]

[[package]]
name = "pyyaml"
version = "6.0.3"
source = { registry = "https://pypi.org/simple" }
sdist = { url = "https://files.pythonhosted.org/packages/05/8e/961c0007c59b8dd7729d542c61a4d537767a59645b82a0b521206e1e25c2/pyyaml-6.0.3.tar.gz", hash = "sha256:d76623373421df22fb4cf8817020cbb7ef15c725b9d5e45f17e189bfc384190f", size = 130960, upload-time = "2025-09-25T21:33:16.546Z" }
wheels = [
    { url = "https://files.pythonhosted.org/packages/9d/8c/f4bd7f6465179953d3ac9bc44ac1a8a3e6122cf8ada906b4f96c60172d43/pyyaml-6.0.3-cp314-cp314-macosx_10_13_x86_64.whl", hash = "sha256:8d1fab6bb153a416f9aeb4b8763bc0f22a5586065f86f7664fc23339fc1c1fac", size = 181814, upload-time = "2025-09-25T21:32:35.712Z" },
    { url = "https://files.pythonhosted.org/packages/bd/9c/4d95bb87eb2063d20db7b60faa3840c1b18025517ae857371c4dd55a6b3a/pyyaml-6.0.3-cp314-cp314-macosx_11_0_arm64.whl", hash = "sha256:34d5fcd24b8445fadc33f9cf348c1047101756fd760b4dacb5c3e99755703310", size = 173809, upload-time = "2025-09-25T21:32:36.789Z" },
    { url = "https://files.pythonhosted.org/packages/92/b5/47e807c2623074914e29dabd16cbbdd4bf5e9b2db9f8090fa64411fc5382/pyyaml-6.0.3-cp314-cp314-manylinux2014_aarch64.manylinux_2_17_aarch64.manylinux_2_28_aarch64.whl", hash = "sha256:501a031947e3a9025ed4405a168e6ef5ae3126c59f90ce0cd6f2bfc477be31b7", size = 766454, upload-time = "2025-09-25T21:32:37.966Z" },
    { url = "https://files.pythonhosted.org/packages/02/9e/e5e9b168be58564121efb3de6859c452fccde0ab093d8438905899a3a483/pyyaml-6.0.3-cp314-cp314-manylinux2014_s390x.manylinux_2_17_s390x.manylinux_2_28_s390x.whl", hash = "sha256:b3bc83488de33889877a0f2543ade9f70c67d66d9ebb4ac959502e12de895788", size = 836355, upload-time = "2025-09-25T21:32:39.178Z" },
    { url = "https://files.pythonhosted.org/packages/88/f9/16491d7ed2a919954993e48aa941b200f38040928474c9e85ea9e64222c3/pyyaml-6.0.3-cp314-cp314-manylinux2014_x86_64.manylinux_2_17_x86_64.manylinux_2_28_x86_64.whl", hash = "sha256:c458b6d084f9b935061bc36216e8a69a7e293a2f1e68bf956dcd9e6cbcd143f5", size = 794175, upload-time = "2025-09-25T21:32:40.865Z" },
    { url = "https://files.pythonhosted.org/packages/dd/3f/5989debef34dc6397317802b527dbbafb2b4760878a53d4166579111411e/pyyaml-6.0.3-cp314-cp314-musllinux_1_2_aarch64.whl", hash = "sha256:7c6610def4f163542a622a73fb39f534f8c101d690126992300bf3207eab9764", size = 755228, upload-time = "2025-09-25T21:32:42.084Z" },
    { url = "https://files.pythonhosted.org/packages/d7/ce/af88a49043cd2e265be63d083fc75b27b6ed062f5f9fd6cdc223ad62f03e/pyyaml-6.0.3-cp314-cp314-musllinux_1_2_x86_64.whl", hash = "sha256:5190d403f121660ce8d1d2c1bb2ef1bd05b5f68533fc5c2ea899bd15f4399b35", size = 789194, upload-time = "2025-09-25T21:32:43.362Z" },
    { url = "https://files.pythonhosted.org/packages/23/20/bb6982b26a40bb43951265ba29d4c246ef0ff59c9fdcdf0ed04e0687de4d/pyyaml-6.0.3-cp314-cp314-win_amd64.whl", hash = "sha256:4a2e8cebe2ff6ab7d1050ecd59c25d4c8bd7e6f400f5f82b96557ac0abafd0ac", size = 156429, upload-time = "2025-09-25T21:32:57.844Z" },
    { url = "https://files.pythonhosted.org/packages/f4/f4/a4541072bb9422c8a883ab55255f918fa378ecf083f5b85e87fc2b4eda1b/pyyaml-6.0.3-cp314-cp314-win_arm64.whl", hash = "sha256:93dda82c9c22deb0a405ea4dc5f2d0cda384168e466364dec6255b293923b2f3", size = 143912, upload-time = "2025-09-25T21:32:59.247Z" },
    { url = "https://files.pythonhosted.org/packages/7c/f9/07dd09ae774e4616edf6cda684ee78f97777bdd15847253637a6f052a62f/pyyaml-6.0.3-cp314-cp314t-macosx_10_13_x86_64.whl", hash = "sha256:02893d100e99e03eda1c8fd5c441d8c60103fd175728e23e431db1b589cf5ab3", size = 189108, upload-time = "2025-09-25T21:32:44.377Z" },
    { url = "https://files.pythonhosted.org/packages/4e/78/8d08c9fb7ce09ad8c38ad533c1191cf27f7ae1effe5bb9400a46d9437fcf/pyyaml-6.0.3-cp314-cp314t-macosx_11_0_arm64.whl", hash = "sha256:c1ff362665ae507275af2853520967820d9124984e0f7466736aea23d8611fba", size = 183641, upload-time = "2025-09-25T21:32:45.407Z" },
    { url = "https://files.pythonhosted.org/packages/7b/5b/3babb19104a46945cf816d047db2788bcaf8c94527a805610b0289a01c6b/pyyaml-6.0.3-cp314-cp314t-manylinux2014_aarch64.manylinux_2_17_aarch64.manylinux_2_28_aarch64.whl", hash = "sha256:6adc77889b628398debc7b65c073bcb99c4a0237b248cacaf3fe8a557563ef6c", size = 831901, upload-time = "2025-09-25T21:32:48.83Z" },
    { url = "https://files.pythonhosted.org/packages/8b/cc/dff0684d8dc44da4d22a13f35f073d558c268780ce3c6ba1b87055bb0b87/pyyaml-6.0.3-cp314-cp314t-manylinux2014_s390x.manylinux_2_17_s390x.manylinux_2_28_s390x.whl", hash = "sha256:a80cb027f6b349846a3bf6d73b5e95e782175e52f22108cfa17876aaeff93702", size = 861132, upload-time = "2025-09-25T21:32:50.149Z" },
    { url = "https://files.pythonhosted.org/packages/b1/5e/f77dc6b9036943e285ba76b49e118d9ea929885becb0a29ba8a7c75e29fe/pyyaml-6.0.3-cp314-cp314t-manylinux2014_x86_64.manylinux_2_17_x86_64.manylinux_2_28_x86_64.whl", hash = "sha256:00c4bdeba853cc34e7dd471f16b4114f4162dc03e6b7afcc2128711f0eca823c", size = 839261, upload-time = "2025-09-25T21:32:51.808Z" },
    { url = "https://files.pythonhosted.org/packages/ce/88/a9db1376aa2a228197c58b37302f284b5617f56a5d959fd1763fb1675ce6/pyyaml-6.0.3-cp314-cp314t-musllinux_1_2_aarch64.whl", hash = "sha256:66e1674c3ef6f541c35191caae2d429b967b99e02040f5ba928632d9a7f0f065", size = 805272, upload-time = "2025-09-25T21:32:52.941Z" },
    { url = "https://files.pythonhosted.org/packages/da/92/1446574745d74df0c92e6aa4a7b0b3130706a4142b2d1a5869f2eaa423c6/pyyaml-6.0.3-cp314-cp314t-musllinux_1_2_x86_64.whl", hash = "sha256:16249ee61e95f858e83976573de0f5b2893b3677ba71c9dd36b9cf8be9ac6d65", size = 829923, upload-time = "2025-09-25T21:32:54.537Z" },
    { url = "https://files.pythonhosted.org/packages/f0/7a/1c7270340330e575b92f397352af856a8c06f230aa3e76f86b39d01b416a/pyyaml-6.0.3-cp314-cp314t-win_amd64.whl", hash = "sha256:4ad1906908f2f5ae4e5a8ddfce73c320c2a1429ec52eafd27138b7f1cbe341c9", size = 174062, upload-time = "2025-09-25T21:32:55.767Z" },
    { url = "https://files.pythonhosted.org/packages/f1/12/de94a39c2ef588c7e6455cfbe7343d3b2dc9d6b6b2f40c4c6565744c873d/pyyaml-6.0.3-cp314-cp314t-win_arm64.whl", hash = "sha256:ebc55a14a21cb14062aa4162f906cd962b28e2e9ea38f9b4391244cd8de4ae0b", size = 149341, upload-time = "2025-09-25T21:32:56.828Z" },
]
